{
  "lockfileVersion": 1,
  "workspaces": {
    "": {
      "name": "xpub-derive",
      "dependencies": {
        "@bitcoinerlab/secp256k1": "^1.2.0",
        "@bitgo/utxo-lib": "^11.2.1",
        "@types/bs58check": "^2.1.2",
        "bip32": "^5.0.0-rc.0",
        "cli-table3": "^0.6.5",
        "commander": "^13.1.0",
      },
      "devDependencies": {
        "@types/bun": "latest",
      },
      "peerDependencies": {
        "typescript": "^5.0.0",
      },
    },
  },
  "packages": {
    "@bitcoinerlab/secp256k1": ["@bitcoinerlab/secp256k1@1.2.0", "", { "dependencies": { "@noble/curves": "^1.7.0" } }, "sha512-jeujZSzb3JOZfmJYI0ph1PVpCRV5oaexCgy+RvCXV8XlY+XFB/2n3WOcvBsKLsOw78KYgnQrQWb2HrKE4be88Q=="],

    "@bitgo/blake2b": ["@bitgo/blake2b@3.2.4", "", { "dependencies": { "@bitgo/blake2b-wasm": "^3.2.3", "nanoassert": "^2.0.0" } }, "sha512-46PEgEVPxecNJ/xczggIllSxIkFIvvbVM0OfIDdNJ5qpFHUeBCkNIiGdzC3fYZlsv7bVTdUZOj79GcFBLMYBqA=="],

    "@bitgo/blake2b-wasm": ["@bitgo/blake2b-wasm@3.2.3", "", { "dependencies": { "nanoassert": "^1.0.0" } }, "sha512-NaurBrMaEpjfg7EdUJgW/c6byt27O6q1ZaxB5Ita10MjjYjUu0SyYF4q7JPNxpHF/lMxb0YZakOxigbDBu9Jjw=="],

    "@bitgo/utxo-lib": ["@bitgo/utxo-lib@11.2.1", "", { "dependencies": { "@bitgo/blake2b": "^3.2.4", "@brandonblack/musig": "^0.0.1-alpha.0", "@noble/secp256k1": "1.6.3", "bech32": "^2.0.0", "bip174": "npm:@bitgo-forks/bip174@3.1.0-master.4", "bip32": "^3.0.1", "bitcoin-ops": "^1.3.0", "bitcoinjs-lib": "npm:@bitgo-forks/bitcoinjs-lib@7.1.0-master.9", "bn.js": "^5.2.1", "bs58check": "^2.1.2", "cashaddress": "^1.1.0", "create-hash": "^1.2.0", "create-hmac": "^1.1.7", "ecpair": "npm:@bitgo/ecpair@2.1.0-rc.0", "elliptic": "^6.5.2", "fastpriorityqueue": "^0.7.1", "typeforce": "^1.11.3", "varuint-bitcoin": "^1.1.2" } }, "sha512-ko9twLjxurdcJHEtWXa2fDv3qBQEmVVq8zfzXvktt46R5Dc/jXGVE6puxbDduFvwlYgHRGj92JCqLWNKQvMpiw=="],

    "@brandonblack/musig": ["@brandonblack/musig@0.0.1-alpha.1", "", {}, "sha512-00RbByQG85lSzrkDjCblzrUc2n1LJAPPrEMHS4oMg+QckE0kzjd26JytT6yx6tNU2+aOXfK7O4kGW/sKVL67cw=="],

    "@colors/colors": ["@colors/colors@1.5.0", "", {}, "sha512-ooWCrlZP11i8GImSjTHYHLkvFDP48nS4+204nGb1RiX/WXYHmJA2III9/e2DWVabCESdW7hBAEzHRqUn9OUVvQ=="],

    "@noble/curves": ["@noble/curves@1.8.1", "", { "dependencies": { "@noble/hashes": "1.7.1" } }, "sha512-warwspo+UYUPep0Q+vtdVB4Ugn8GGQj8iyB3gnRWsztmUHTI3S1nhdiWNsPUGL0vud7JlRRk1XEu7Lq1KGTnMQ=="],

    "@noble/hashes": ["@noble/hashes@1.7.1", "", {}, "sha512-B8XBPsn4vT/KJAGqDzbwztd+6Yte3P4V7iafm24bxgDe/mlRuK6xmWPuCNrKt2vDafZ8MfJLlchDG/vYafQEjQ=="],

    "@noble/secp256k1": ["@noble/secp256k1@1.6.3", "", {}, "sha512-T04e4iTurVy7I8Sw4+c5OSN9/RkPlo1uKxAomtxQNLq8j1uPAqnsqG1bqvY3Jv7c13gyr6dui0zmh/I3+f/JaQ=="],

    "@scure/base": ["@scure/base@1.2.4", "", {}, "sha512-5Yy9czTO47mqz+/J8GM6GIId4umdCk1wc1q8rKERQulIoc8VP9pzDcghv10Tl2E7R96ZUx/PhND3ESYUQX8NuQ=="],

    "@types/bs58check": ["@types/bs58check@2.1.2", "", { "dependencies": { "@types/node": "*" } }, "sha512-xpXaQlOIY1KoXlA/ytHGHpEIU87PJt+g9SH7nC6HdCgaBwT2IEZIwBMHbjuX6BpnfbiUMlmwqurdLDwXpcdmSA=="],

    "@types/bun": ["@types/bun@1.2.2", "", { "dependencies": { "bun-types": "1.2.2" } }, "sha512-tr74gdku+AEDN5ergNiBnplr7hpDp3V1h7fqI2GcR/rsUaM39jpSeKH0TFibRvU0KwniRx5POgaYnaXbk0hU+w=="],

    "@types/node": ["@types/node@22.13.1", "", { "dependencies": { "undici-types": "~6.20.0" } }, "sha512-jK8uzQlrvXqEU91UxiK5J7pKHyzgnI1Qnl0QDHIgVGuolJhRb9EEl28Cj9b3rGR8B2lhFCtvIm5os8lFnO/1Ew=="],

    "@types/ws": ["@types/ws@8.5.14", "", { "dependencies": { "@types/node": "*" } }, "sha512-bd/YFLW+URhBzMXurx7lWByOu+xzU9+kb3RboOteXYDfW+tr+JZa99OyNmPINEGB/ahzKrEuc8rcv4gnpJmxTw=="],

    "ansi-regex": ["ansi-regex@5.0.1", "", {}, "sha512-quJQXlTSUGL2LH9SUXo8VwsY4soanhgo6LNSm84E1LBcE8s3O0wpdiRzyR9z/ZZJMlMWv37qOOb9pdJlMUEKFQ=="],

    "base-x": ["base-x@3.0.10", "", { "dependencies": { "safe-buffer": "^5.0.1" } }, "sha512-7d0s06rR9rYaIWHkpfLIFICM/tkSVdoPC9qYAQRpxn9DdKNWNsKC0uk++akckyLq16Tx2WIinnZ6WRriAt6njQ=="],

    "bech32": ["bech32@2.0.0", "", {}, "sha512-LcknSilhIGatDAsY1ak2I8VtGaHNhgMSYVxFrGLXv+xLHytaKZKcaUJJUE7qmBr7h33o5YQwP55pMI0xmkpJwg=="],

    "bigi": ["bigi@1.4.2", "", {}, "sha512-ddkU+dFIuEIW8lE7ZwdIAf2UPoM90eaprg5m3YXAVVTmKlqV/9BX4A2M8BOK2yOq6/VgZFVhK6QAxJebhlbhzw=="],

    "bip174": ["@bitgo-forks/bip174@3.1.0-master.4", "", {}, "sha512-WDRNzPSdJGDqQNqfN+L5KHNHFDmNOPYnUnT7NkEkfHWn5m1jSOfcf8Swaslt5P0xcSDiERdN2gZxFc6XtOqRYg=="],

    "bip32": ["bip32@5.0.0-rc.0", "", { "dependencies": { "@noble/hashes": "^1.2.0", "@scure/base": "^1.1.1", "uint8array-tools": "^0.0.8", "valibot": "^0.37.0", "wif": "^5.0.0" } }, "sha512-5hVFGrdCnF8GB1Lj2eEo4PRE7+jp+3xBLnfNjydivOkMvKmUKeJ9GG8uOy8prmWl3Oh154uzgfudR1FRkNBudA=="],

    "bitcoin-ops": ["bitcoin-ops@1.4.1", "", {}, "sha512-pef6gxZFztEhaE9RY9HmWVmiIHqCb2OyS4HPKkpc6CIiiOa3Qmuoylxc5P2EkU3w+5eTSifI9SEZC88idAIGow=="],

    "bitcoinjs-lib": ["@bitgo-forks/bitcoinjs-lib@7.1.0-master.9", "", { "dependencies": { "bech32": "^2.0.0", "bip174": "npm:@bitgo-forks/bip174@3.1.0-master.4", "bs58check": "^2.1.2", "create-hash": "^1.1.0", "fastpriorityqueue": "^0.7.1", "json5": "^2.2.3", "ripemd160": "^2.0.2", "typeforce": "^1.11.3", "varuint-bitcoin": "^1.1.2", "wif": "^2.0.1" } }, "sha512-iWDwsRZK30tW7jtBiOlOJhuJzZ2THIvdvREBHM2cHG669nGQxNPxpYXmk0Lgm5x4jG4GN1dM6dPR6Car6EtDsA=="],

    "bn.js": ["bn.js@5.2.1", "", {}, "sha512-eXRvHzWyYPBuB4NBy0cmYQjGitUrtqwbvlzP3G6VFnNRbsZQIxQ10PbKKHt8gZ/HW/D/747aDl+QkDqg3KQLMQ=="],

    "brorand": ["brorand@1.1.0", "", {}, "sha512-cKV8tMCEpQs4hK/ik71d6LrPOnpkpGBR0wzxqr68g2m/LB2GxVYQroAjMJZRVM1Y4BCjCKc3vAamxSzOY2RP+w=="],

    "bs58": ["bs58@4.0.1", "", { "dependencies": { "base-x": "^3.0.2" } }, "sha512-Ok3Wdf5vOIlBrgCvTq96gBkJw+JUEzdBgyaza5HLtPm7yTHkjRy8+JzNyHF7BHa0bNWOQIp3m5YF0nnFcOIKLw=="],

    "bs58check": ["bs58check@2.1.2", "", { "dependencies": { "bs58": "^4.0.0", "create-hash": "^1.1.0", "safe-buffer": "^5.1.2" } }, "sha512-0TS1jicxdU09dwJMNZtVAfzPi6Q6QeN0pM1Fkzrjn+XYHvzMKPU3pHVpva+769iNVSfIYWf7LJ6WR+BuuMf8cA=="],

    "bun-types": ["bun-types@1.2.2", "", { "dependencies": { "@types/node": "*", "@types/ws": "~8.5.10" } }, "sha512-RCbMH5elr9gjgDGDhkTTugA21XtJAy/9jkKe/G3WR2q17VPGhcquf9Sir6uay9iW+7P/BV0CAHA1XlHXMAVKHg=="],

    "cashaddress": ["cashaddress@1.1.0", "", { "dependencies": { "bigi": "^1.4.2" } }, "sha512-cdqIjZodtErhoQOiojQ1SRqDKh6bOVkLYNJjMmFEUxGoErrO2am8txotXmEi8glvU/y9wzup+LsvEBl8AttUwA=="],

    "cipher-base": ["cipher-base@1.0.6", "", { "dependencies": { "inherits": "^2.0.4", "safe-buffer": "^5.2.1" } }, "sha512-3Ek9H3X6pj5TgenXYtNWdaBon1tgYCaebd+XPg0keyjEbEfkD4KkmAxkQ/i1vYvxdcT5nscLBfq9VJRmCBcFSw=="],

    "cli-table3": ["cli-table3@0.6.5", "", { "dependencies": { "string-width": "^4.2.0" }, "optionalDependencies": { "@colors/colors": "1.5.0" } }, "sha512-+W/5efTR7y5HRD7gACw9yQjqMVvEMLBHmboM/kPWam+H+Hmyrgjh6YncVKK122YZkXrLudzTuAukUw9FnMf7IQ=="],

    "commander": ["commander@13.1.0", "", {}, "sha512-/rFeCpNJQbhSZjGVwO9RFV3xPqbnERS8MmIQzCtD/zl6gpJuV/bMLuN92oG3F7d8oDEHHRrujSXNUr8fpjntKw=="],

    "create-hash": ["create-hash@1.2.0", "", { "dependencies": { "cipher-base": "^1.0.1", "inherits": "^2.0.1", "md5.js": "^1.3.4", "ripemd160": "^2.0.1", "sha.js": "^2.4.0" } }, "sha512-z00bCGNHDG8mHAkP7CtT1qVu+bFQUPjYq/4Iv3C3kWjTFV10zIjfSoeqXo9Asws8gwSHDGj/hl2u4OGIjapeCg=="],

    "create-hmac": ["create-hmac@1.1.7", "", { "dependencies": { "cipher-base": "^1.0.3", "create-hash": "^1.1.0", "inherits": "^2.0.1", "ripemd160": "^2.0.0", "safe-buffer": "^5.0.1", "sha.js": "^2.4.8" } }, "sha512-MJG9liiZ+ogc4TzUwuvbER1JRdgvUFSB5+VR/g5h82fGaIRWMWddtKBHi7/sVhfjQZ6SehlyhvQYrcYkaUIpLg=="],

    "ecpair": ["@bitgo/ecpair@2.1.0-rc.0", "", { "dependencies": { "randombytes": "^2.1.0", "typeforce": "^1.18.0", "wif": "^2.0.6" } }, "sha512-qPZetcEA1Lzzm9NsqsGF9NGorAGaXrv20eZjopLUjsdwftWcsYTE7lwzE/Xjdf4fcq6G4+vjrCudWAMGNfJqOQ=="],

    "elliptic": ["elliptic@6.6.1", "", { "dependencies": { "bn.js": "^4.11.9", "brorand": "^1.1.0", "hash.js": "^1.0.0", "hmac-drbg": "^1.0.1", "inherits": "^2.0.4", "minimalistic-assert": "^1.0.1", "minimalistic-crypto-utils": "^1.0.1" } }, "sha512-RaddvvMatK2LJHqFJ+YA4WysVN5Ita9E35botqIYspQ4TkRAlCicdzKOjlyv/1Za5RyTNn7di//eEV0uTAfe3g=="],

    "emoji-regex": ["emoji-regex@8.0.0", "", {}, "sha512-MSjYzcWNOA0ewAHpz0MxpYFvwg6yjy1NG3xteoqz644VCo/RPgnr1/GGt+ic3iJTzQ8Eu3TdM14SawnVUmGE6A=="],

    "fastpriorityqueue": ["fastpriorityqueue@0.7.5", "", {}, "sha512-3Pa0n9gwy8yIbEsT3m2j/E9DXgWvvjfiZjjqcJ+AdNKTAlVMIuFYrYG5Y3RHEM8O6cwv9hOpOWY/NaMfywoQVA=="],

    "hash-base": ["hash-base@3.1.0", "", { "dependencies": { "inherits": "^2.0.4", "readable-stream": "^3.6.0", "safe-buffer": "^5.2.0" } }, "sha512-1nmYp/rhMDiE7AYkDw+lLwlAzz0AntGIe51F3RfFfEqyQ3feY2eI/NcwC6umIQVOASPMsWJLJScWKSSvzL9IVA=="],

    "hash.js": ["hash.js@1.1.7", "", { "dependencies": { "inherits": "^2.0.3", "minimalistic-assert": "^1.0.1" } }, "sha512-taOaskGt4z4SOANNseOviYDvjEJinIkRgmp7LbKP2YTTmVxWBl87s/uzK9r+44BclBSp2X7K1hqeNfz9JbBeXA=="],

    "hmac-drbg": ["hmac-drbg@1.0.1", "", { "dependencies": { "hash.js": "^1.0.3", "minimalistic-assert": "^1.0.0", "minimalistic-crypto-utils": "^1.0.1" } }, "sha512-Tti3gMqLdZfhOQY1Mzf/AanLiqh1WTiJgEj26ZuYQ9fbkLomzGchCws4FyrSd4VkpBfiNhaE1On+lOz894jvXg=="],

    "inherits": ["inherits@2.0.4", "", {}, "sha512-k/vGaX4/Yla3WzyMCvTQOXYeIHvqOKtnqBduzTHpzpQZzAskKMhZ2K+EnBiSM9zGSoIFeMpXKxa4dYeZIQqewQ=="],

    "is-fullwidth-code-point": ["is-fullwidth-code-point@3.0.0", "", {}, "sha512-zymm5+u+sCsSWyD9qNaejV3DFvhCKclKdizYaJUuHA83RLjb7nSuGnddCHGv0hk+KY7BMAlsWeK4Ueg6EV6XQg=="],

    "json5": ["json5@2.2.3", "", { "bin": { "json5": "lib/cli.js" } }, "sha512-XmOWe7eyHYH14cLdVPoyg+GOH3rYX++KpzrylJwSW98t3Nk+U8XOl8FWKOgwtzdb8lXGf6zYwDUzeHMWfxasyg=="],

    "md5.js": ["md5.js@1.3.5", "", { "dependencies": { "hash-base": "^3.0.0", "inherits": "^2.0.1", "safe-buffer": "^5.1.2" } }, "sha512-xitP+WxNPcTTOgnTJcrhM0xvdPepipPSf3I8EIpGKeFLjt3PlJLIDG3u8EX53ZIubkb+5U2+3rELYpEhHhzdkg=="],

    "minimalistic-assert": ["minimalistic-assert@1.0.1", "", {}, "sha512-UtJcAD4yEaGtjPezWuO9wC4nwUnVH/8/Im3yEHQP4b67cXlD/Qr9hdITCU1xDbSEXg2XKNaP8jsReV7vQd00/A=="],

    "minimalistic-crypto-utils": ["minimalistic-crypto-utils@1.0.1", "", {}, "sha512-JIYlbt6g8i5jKfJ3xz7rF0LXmv2TkDxBLUkiBeZ7bAx4GnnNMr8xFpGnOxn6GhTEHx3SjRrZEoU+j04prX1ktg=="],

    "nanoassert": ["nanoassert@2.0.0", "", {}, "sha512-7vO7n28+aYO4J+8w96AzhmU8G+Y/xpPDJz/se19ICsqj/momRbb9mh9ZUtkoJ5X3nTnPdhEJyc0qnM6yAsHBaA=="],

    "randombytes": ["randombytes@2.1.0", "", { "dependencies": { "safe-buffer": "^5.1.0" } }, "sha512-vYl3iOX+4CKUWuxGi9Ukhie6fsqXqS9FE2Zaic4tNFD2N2QQaXOMFbuKK4QmDHC0JO6B1Zp41J0LpT0oR68amQ=="],

    "readable-stream": ["readable-stream@3.6.2", "", { "dependencies": { "inherits": "^2.0.3", "string_decoder": "^1.1.1", "util-deprecate": "^1.0.1" } }, "sha512-9u/sniCrY3D5WdsERHzHE4G2YCXqoG5FTHUiCC4SIbr6XcLZBY05ya9EKjYek9O5xOAwjGq+1JdGBAS7Q9ScoA=="],

    "ripemd160": ["ripemd160@2.0.2", "", { "dependencies": { "hash-base": "^3.0.0", "inherits": "^2.0.1" } }, "sha512-ii4iagi25WusVoiC4B4lq7pbXfAp3D9v5CwfkY33vffw2+pkDjY1D8GaN7spsxvCSx8dkPqOZCEZyfxcmJG2IA=="],

    "safe-buffer": ["safe-buffer@5.2.1", "", {}, "sha512-rp3So07KcdmmKbGvgaNxQSJr7bGVSVk5S9Eq1F+ppbRo70+YeaDxkw5Dd8NPN+GD6bjnYm2VuPuCXmpuYvmCXQ=="],

    "sha.js": ["sha.js@2.4.11", "", { "dependencies": { "inherits": "^2.0.1", "safe-buffer": "^5.0.1" }, "bin": { "sha.js": "./bin.js" } }, "sha512-QMEp5B7cftE7APOjk5Y6xgrbWu+WkLVQwk8JNjZ8nKRciZaByEW6MubieAiToS7+dwvrjGhH8jRXz3MVd0AYqQ=="],

    "string-width": ["string-width@4.2.3", "", { "dependencies": { "emoji-regex": "^8.0.0", "is-fullwidth-code-point": "^3.0.0", "strip-ansi": "^6.0.1" } }, "sha512-wKyQRQpjJ0sIp62ErSZdGsjMJWsap5oRNihHhu6G7JVO/9jIB6UyevL+tXuOqrng8j/cxKTWyWUwvSTriiZz/g=="],

    "string_decoder": ["string_decoder@1.3.0", "", { "dependencies": { "safe-buffer": "~5.2.0" } }, "sha512-hkRX8U1WjJFd8LsDJ2yQ/wWWxaopEsABU1XfkM8A+j0+85JAGppt16cr1Whg6KIbb4okU6Mql6BOj+uup/wKeA=="],

    "strip-ansi": ["strip-ansi@6.0.1", "", { "dependencies": { "ansi-regex": "^5.0.1" } }, "sha512-Y38VPSHcqkFrCpFnQ9vuSXmquuv5oXOKpGeT6aGrr3o3Gc9AlVa6JBfUSOCnbxGGZF+/0ooI7KrPuUSztUdU5A=="],

    "typeforce": ["typeforce@1.18.0", "", {}, "sha512-7uc1O8h1M1g0rArakJdf0uLRSSgFcYexrVoKo+bzJd32gd4gDy2L/Z+8/FjPnU9ydY3pEnVPtr9FyscYY60K1g=="],

    "typescript": ["typescript@5.7.3", "", { "bin": { "tsc": "bin/tsc", "tsserver": "bin/tsserver" } }, "sha512-84MVSjMEHP+FQRPy3pX9sTVV/INIex71s9TL2Gm5FG/WG1SqXeKyZ0k7/blY/4FdOzI12CBy1vGc4og/eus0fw=="],

    "uint8array-tools": ["uint8array-tools@0.0.8", "", {}, "sha512-xS6+s8e0Xbx++5/0L+yyexukU7pz//Yg6IHg3BKhXotg1JcYtgxVcUctQ0HxLByiJzpAkNFawz1Nz5Xadzo82g=="],

    "undici-types": ["undici-types@6.20.0", "", {}, "sha512-Ny6QZ2Nju20vw1SRHe3d9jVu6gJ+4e3+MMpqu7pqE5HT6WsTSlce++GQmK5UXS8mzV8DSYHrQH+Xrf2jVcuKNg=="],

    "util-deprecate": ["util-deprecate@1.0.2", "", {}, "sha512-EPD5q1uXyFxJpCrLnCc1nHnq3gOa6DZBocAIiI2TaSCA7VCJ1UJDMagCzIkXNsUYfD1daK//LTEQ8xiIbrHtcw=="],

    "valibot": ["valibot@0.37.0", "", { "peerDependencies": { "typescript": ">=5" }, "optionalPeers": ["typescript"] }, "sha512-FQz52I8RXgFgOHym3XHYSREbNtkgSjF9prvMFH1nBsRyfL6SfCzoT1GuSDTlbsuPubM7/6Kbw0ZMQb8A+V+VsQ=="],

    "varuint-bitcoin": ["varuint-bitcoin@1.1.2", "", { "dependencies": { "safe-buffer": "^5.1.1" } }, "sha512-4EVb+w4rx+YfVM32HQX42AbbT7/1f5zwAYhIujKXKk8NQK+JfRVl3pqT3hjNn/L+RstigmGGKVwHA/P0wgITZw=="],

    "wif": ["wif@5.0.0", "", { "dependencies": { "bs58check": "^4.0.0" } }, "sha512-iFzrC/9ne740qFbNjTZ2FciSRJlHIXoxqk/Y5EnE08QOXu1WjJyCCswwDTYbohAOEnlCtLaAAQBhyaLRFh2hMA=="],

    "@bitgo/blake2b-wasm/nanoassert": ["nanoassert@1.1.0", "", {}, "sha512-C40jQ3NzfkP53NsO8kEOFd79p4b9kDXQMwgiY1z8ZwrDZgUyom0AHwGegF4Dm99L+YoYhuaB0ceerUcXmqr1rQ=="],

    "@bitgo/utxo-lib/bip32": ["bip32@3.1.0", "", { "dependencies": { "bs58check": "^2.1.1", "create-hash": "^1.2.0", "create-hmac": "^1.1.7", "ripemd160": "^2.0.2", "typeforce": "^1.11.5", "wif": "^2.0.6" } }, "sha512-eoeajYEzJ4d6yyVtby8C+XkCeKItiC4Mx56a0M9VaqTMC73SWOm4xVZG7SaR8e/yp4eSyky2XcBpH3DApPdu7Q=="],

    "bitcoinjs-lib/wif": ["wif@2.0.6", "", { "dependencies": { "bs58check": "<3.0.0" } }, "sha512-HIanZn1zmduSF+BQhkE+YXIbEiH0xPr1012QbFEGB0xsKqJii0/SqJjyn8dFv6y36kOznMgMB+LGcbZTJ1xACQ=="],

    "ecpair/wif": ["wif@2.0.6", "", { "dependencies": { "bs58check": "<3.0.0" } }, "sha512-HIanZn1zmduSF+BQhkE+YXIbEiH0xPr1012QbFEGB0xsKqJii0/SqJjyn8dFv6y36kOznMgMB+LGcbZTJ1xACQ=="],

    "elliptic/bn.js": ["bn.js@4.12.1", "", {}, "sha512-k8TVBiPkPJT9uHLdOKfFpqcfprwBFOAAXXozRubr7R7PfIuKvQlzcI4M0pALeqXN09vdaMbUdUj+pass+uULAg=="],

    "wif/bs58check": ["bs58check@4.0.0", "", { "dependencies": { "@noble/hashes": "^1.2.0", "bs58": "^6.0.0" } }, "sha512-FsGDOnFg9aVI9erdriULkd/JjEWONV/lQE5aYziB5PoBsXRind56lh8doIZIc9X4HoxT5x4bLjMWN1/NB8Zp5g=="],

    "@bitgo/utxo-lib/bip32/wif": ["wif@2.0.6", "", { "dependencies": { "bs58check": "<3.0.0" } }, "sha512-HIanZn1zmduSF+BQhkE+YXIbEiH0xPr1012QbFEGB0xsKqJii0/SqJjyn8dFv6y36kOznMgMB+LGcbZTJ1xACQ=="],

    "wif/bs58check/bs58": ["bs58@6.0.0", "", { "dependencies": { "base-x": "^5.0.0" } }, "sha512-PD0wEnEYg6ijszw/u8s+iI3H17cTymlrwkKhDhPZq+Sokl3AU4htyBFTjAeNAlCCmg0f53g6ih3jATyCKftTfw=="],

    "wif/bs58check/bs58/base-x": ["base-x@5.0.0", "", {}, "sha512-sMW3VGSX1QWVFA6l8U62MLKz29rRfpTlYdCqLdpLo1/Yd4zZwSbnUaDfciIAowAqvq7YFnWq9hrhdg1KYgc1lQ=="],
  }
}
